// !$*UTF8*$!
{
	archiveVersion = 1;
	classes = {
	};
	objectVersion = 50;
	objects = {

/* Begin PBXBuildFile section */
		0F05F6C014561C248948546F /* Pods_Example_ObjC.framework in Frameworks */ = {isa = PBXBuildFile; fileRef = 6E705B778F59259B60F8BB75 /* Pods_Example_ObjC.framework */; };
		CCC9EE27221D6D0400A86EFA /* AppDelegate.m in Sources */ = {isa = PBXBuildFile; fileRef = CCC9EE26221D6D0400A86EFA /* AppDelegate.m */; };
		CCC9EE2A221D6D0400A86EFA /* ViewController.m in Sources */ = {isa = PBXBuildFile; fileRef = CCC9EE29221D6D0400A86EFA /* ViewController.m */; };
		CCC9EE2D221D6D0400A86EFA /* Main.storyboard in Resources */ = {isa = PBXBuildFile; fileRef = CCC9EE2B221D6D0400A86EFA /* Main.storyboard */; };
		CCC9EE2F221D6D0400A86EFA /* Assets.xcassets in Resources */ = {isa = PBXBuildFile; fileRef = CCC9EE2E221D6D0400A86EFA /* Assets.xcassets */; };
		CCC9EE32221D6D0400A86EFA /* LaunchScreen.storyboard in Resources */ = {isa = PBXBuildFile; fileRef = CCC9EE30221D6D0400A86EFA /* LaunchScreen.storyboard */; };
		CCC9EE35221D6D0400A86EFA /* main.m in Sources */ = {isa = PBXBuildFile; fileRef = CCC9EE34221D6D0400A86EFA /* main.m */; };
		CCC9EE3F221D6D0400A86EFA /* Example_ObjCTests.m in Sources */ = {isa = PBXBuildFile; fileRef = CCC9EE3E221D6D0400A86EFA /* Example_ObjCTests.m */; };
		E9587D998613F1F2693BCF1E /* Pods_Example_ObjCTests.framework in Frameworks */ = {isa = PBXBuildFile; fileRef = 861C69A6A32E4119ECE1080D /* Pods_Example_ObjCTests.framework */; };
/* End PBXBuildFile section */

/* Begin PBXContainerItemProxy section */
		CCC9EE3B221D6D0400A86EFA /* PBXContainerItemProxy */ = {
			isa = PBXContainerItemProxy;
			containerPortal = CCC9EE1A221D6D0400A86EFA /* Project object */;
			proxyType = 1;
			remoteGlobalIDString = CCC9EE21221D6D0400A86EFA;
			remoteInfo = Example_ObjC;
		};
/* End PBXContainerItemProxy section */

/* Begin PBXFileReference section */
		4F53D46A9ABCB647E740C0D8 /* Pods-Example_ObjC.release.xcconfig */ = {isa = PBXFileReference; includeInIndex = 1; lastKnownFileType = text.xcconfig; name = "Pods-Example_ObjC.release.xcconfig"; path = "../Pods/Target Support Files/Pods-Example_ObjC/Pods-Example_ObjC.release.xcconfig"; sourceTree = "<group>"; };
		6E705B778F59259B60F8BB75 /* Pods_Example_ObjC.framework */ = {isa = PBXFileReference; explicitFileType = wrapper.framework; includeInIndex = 0; path = Pods_Example_ObjC.framework; sourceTree = BUILT_PRODUCTS_DIR; };
		861C69A6A32E4119ECE1080D /* Pods_Example_ObjCTests.framework */ = {isa = PBXFileReference; explicitFileType = wrapper.framework; includeInIndex = 0; path = Pods_Example_ObjCTests.framework; sourceTree = BUILT_PRODUCTS_DIR; };
		8B93A88CC731AED2D1EABD08 /* Pods-Example_ObjCTests.debug.xcconfig */ = {isa = PBXFileReference; includeInIndex = 1; lastKnownFileType = text.xcconfig; name = "Pods-Example_ObjCTests.debug.xcconfig"; path = "../Pods/Target Support Files/Pods-Example_ObjCTests/Pods-Example_ObjCTests.debug.xcconfig"; sourceTree = "<group>"; };
		9B977112BA3E0FBD197AC6CC /* Pods-Example_ObjC.debug.xcconfig */ = {isa = PBXFileReference; includeInIndex = 1; lastKnownFileType = text.xcconfig; name = "Pods-Example_ObjC.debug.xcconfig"; path = "../Pods/Target Support Files/Pods-Example_ObjC/Pods-Example_ObjC.debug.xcconfig"; sourceTree = "<group>"; };
		A360DC27926E7446840CFE65 /* Pods-Example_ObjCTests.release.xcconfig */ = {isa = PBXFileReference; includeInIndex = 1; lastKnownFileType = text.xcconfig; name = "Pods-Example_ObjCTests.release.xcconfig"; path = "../Pods/Target Support Files/Pods-Example_ObjCTests/Pods-Example_ObjCTests.release.xcconfig"; sourceTree = "<group>"; };
		CCC9EE22221D6D0400A86EFA /* Example_ObjC.app */ = {isa = PBXFileReference; explicitFileType = wrapper.application; includeInIndex = 0; path = Example_ObjC.app; sourceTree = BUILT_PRODUCTS_DIR; };
		CCC9EE25221D6D0400A86EFA /* AppDelegate.h */ = {isa = PBXFileReference; lastKnownFileType = sourcecode.c.h; path = AppDelegate.h; sourceTree = "<group>"; };
		CCC9EE26221D6D0400A86EFA /* AppDelegate.m */ = {isa = PBXFileReference; lastKnownFileType = sourcecode.c.objc; path = AppDelegate.m; sourceTree = "<group>"; };
		CCC9EE28221D6D0400A86EFA /* ViewController.h */ = {isa = PBXFileReference; lastKnownFileType = sourcecode.c.h; path = ViewController.h; sourceTree = "<group>"; };
		CCC9EE29221D6D0400A86EFA /* ViewController.m */ = {isa = PBXFileReference; lastKnownFileType = sourcecode.c.objc; path = ViewController.m; sourceTree = "<group>"; };
		CCC9EE2C221D6D0400A86EFA /* Base */ = {isa = PBXFileReference; lastKnownFileType = file.storyboard; name = Base; path = Base.lproj/Main.storyboard; sourceTree = "<group>"; };
		CCC9EE2E221D6D0400A86EFA /* Assets.xcassets */ = {isa = PBXFileReference; lastKnownFileType = folder.assetcatalog; path = Assets.xcassets; sourceTree = "<group>"; };
		CCC9EE31221D6D0400A86EFA /* Base */ = {isa = PBXFileReference; lastKnownFileType = file.storyboard; name = Base; path = Base.lproj/LaunchScreen.storyboard; sourceTree = "<group>"; };
		CCC9EE33221D6D0400A86EFA /* Info.plist */ = {isa = PBXFileReference; lastKnownFileType = text.plist.xml; path = Info.plist; sourceTree = "<group>"; };
		CCC9EE34221D6D0400A86EFA /* main.m */ = {isa = PBXFileReference; lastKnownFileType = sourcecode.c.objc; path = main.m; sourceTree = "<group>"; };
		CCC9EE3A221D6D0400A86EFA /* Example_ObjCTests.xctest */ = {isa = PBXFileReference; explicitFileType = wrapper.cfbundle; includeInIndex = 0; path = Example_ObjCTests.xctest; sourceTree = BUILT_PRODUCTS_DIR; };
		CCC9EE3E221D6D0400A86EFA /* Example_ObjCTests.m */ = {isa = PBXFileReference; lastKnownFileType = sourcecode.c.objc; path = Example_ObjCTests.m; sourceTree = "<group>"; };
		CCC9EE40221D6D0400A86EFA /* Info.plist */ = {isa = PBXFileReference; lastKnownFileType = text.plist.xml; path = Info.plist; sourceTree = "<group>"; };
/* End PBXFileReference section */

/* Begin PBXFrameworksBuildPhase section */
		CCC9EE1F221D6D0400A86EFA /* Frameworks */ = {
			isa = PBXFrameworksBuildPhase;
			buildActionMask = 2147483647;
			files = (
				0F05F6C014561C248948546F /* Pods_Example_ObjC.framework in Frameworks */,
			);
			runOnlyForDeploymentPostprocessing = 0;
		};
		CCC9EE37221D6D0400A86EFA /* Frameworks */ = {
			isa = PBXFrameworksBuildPhase;
			buildActionMask = 2147483647;
			files = (
				E9587D998613F1F2693BCF1E /* Pods_Example_ObjCTests.framework in Frameworks */,
			);
			runOnlyForDeploymentPostprocessing = 0;
		};
/* End PBXFrameworksBuildPhase section */

/* Begin PBXGroup section */
		9AC49CE6EABC26442B064112 /* Frameworks */ = {
			isa = PBXGroup;
			children = (
				6E705B778F59259B60F8BB75 /* Pods_Example_ObjC.framework */,
				861C69A6A32E4119ECE1080D /* Pods_Example_ObjCTests.framework */,
			);
			name = Frameworks;
			sourceTree = "<group>";
		};
		C459C8D3D74F5FF92C0670EB /* Pods */ = {
			isa = PBXGroup;
			children = (
				9B977112BA3E0FBD197AC6CC /* Pods-Example_ObjC.debug.xcconfig */,
				4F53D46A9ABCB647E740C0D8 /* Pods-Example_ObjC.release.xcconfig */,
				8B93A88CC731AED2D1EABD08 /* Pods-Example_ObjCTests.debug.xcconfig */,
				A360DC27926E7446840CFE65 /* Pods-Example_ObjCTests.release.xcconfig */,
			);
			name = Pods;
			sourceTree = "<group>";
		};
		CCC9EE19221D6D0400A86EFA = {
			isa = PBXGroup;
			children = (
				CCC9EE24221D6D0400A86EFA /* Example_ObjC */,
				CCC9EE3D221D6D0400A86EFA /* Example_ObjCTests */,
				CCC9EE23221D6D0400A86EFA /* Products */,
				C459C8D3D74F5FF92C0670EB /* Pods */,
				9AC49CE6EABC26442B064112 /* Frameworks */,
			);
			sourceTree = "<group>";
		};
		CCC9EE23221D6D0400A86EFA /* Products */ = {
			isa = PBXGroup;
			children = (
				CCC9EE22221D6D0400A86EFA /* Example_ObjC.app */,
				CCC9EE3A221D6D0400A86EFA /* Example_ObjCTests.xctest */,
			);
			name = Products;
			sourceTree = "<group>";
		};
		CCC9EE24221D6D0400A86EFA /* Example_ObjC */ = {
			isa = PBXGroup;
			children = (
				CCC9EE25221D6D0400A86EFA /* AppDelegate.h */,
				CCC9EE26221D6D0400A86EFA /* AppDelegate.m */,
				CCC9EE28221D6D0400A86EFA /* ViewController.h */,
				CCC9EE29221D6D0400A86EFA /* ViewController.m */,
				CCC9EE2B221D6D0400A86EFA /* Main.storyboard */,
				CCC9EE2E221D6D0400A86EFA /* Assets.xcassets */,
				CCC9EE30221D6D0400A86EFA /* LaunchScreen.storyboard */,
				CCC9EE33221D6D0400A86EFA /* Info.plist */,
				CCC9EE34221D6D0400A86EFA /* main.m */,
			);
			path = Example_ObjC;
			sourceTree = "<group>";
		};
		CCC9EE3D221D6D0400A86EFA /* Example_ObjCTests */ = {
			isa = PBXGroup;
			children = (
				CCC9EE3E221D6D0400A86EFA /* Example_ObjCTests.m */,
				CCC9EE40221D6D0400A86EFA /* Info.plist */,
			);
			path = Example_ObjCTests;
			sourceTree = "<group>";
		};
/* End PBXGroup section */

/* Begin PBXNativeTarget section */
		CCC9EE21221D6D0400A86EFA /* Example_ObjC */ = {
			isa = PBXNativeTarget;
			buildConfigurationList = CCC9EE43221D6D0400A86EFA /* Build configuration list for PBXNativeTarget "Example_ObjC" */;
			buildPhases = (
				ADE188A898A3F8AFA95BDBCF /* [CP] Check Pods Manifest.lock */,
				CCC9EE1E221D6D0400A86EFA /* Sources */,
				CCC9EE1F221D6D0400A86EFA /* Frameworks */,
				CCC9EE20221D6D0400A86EFA /* Resources */,
				2075E35A51C82DE4165B2F27 /* [CP] Embed Pods Frameworks */,
			);
			buildRules = (
			);
			dependencies = (
			);
			name = Example_ObjC;
			productName = Example_ObjC;
			productReference = CCC9EE22221D6D0400A86EFA /* Example_ObjC.app */;
			productType = "com.apple.product-type.application";
		};
		CCC9EE39221D6D0400A86EFA /* Example_ObjCTests */ = {
			isa = PBXNativeTarget;
			buildConfigurationList = CCC9EE46221D6D0400A86EFA /* Build configuration list for PBXNativeTarget "Example_ObjCTests" */;
			buildPhases = (
				302FECB4A478054924D8C439 /* [CP] Check Pods Manifest.lock */,
				CCC9EE36221D6D0400A86EFA /* Sources */,
				CCC9EE37221D6D0400A86EFA /* Frameworks */,
				CCC9EE38221D6D0400A86EFA /* Resources */,
			);
			buildRules = (
			);
			dependencies = (
				CCC9EE3C221D6D0400A86EFA /* PBXTargetDependency */,
			);
			name = Example_ObjCTests;
			productName = Example_ObjCTests;
			productReference = CCC9EE3A221D6D0400A86EFA /* Example_ObjCTests.xctest */;
			productType = "com.apple.product-type.bundle.unit-test";
		};
/* End PBXNativeTarget section */

/* Begin PBXProject section */
		CCC9EE1A221D6D0400A86EFA /* Project object */ = {
			isa = PBXProject;
			attributes = {
				LastUpgradeCheck = 1010;
				ORGANIZATIONNAME = "Mithril Ltd.";
				TargetAttributes = {
					CCC9EE21221D6D0400A86EFA = {
						CreatedOnToolsVersion = 10.1;
					};
					CCC9EE39221D6D0400A86EFA = {
						CreatedOnToolsVersion = 10.1;
						TestTargetID = CCC9EE21221D6D0400A86EFA;
					};
				};
			};
			buildConfigurationList = CCC9EE1D221D6D0400A86EFA /* Build configuration list for PBXProject "Example_ObjC" */;
			compatibilityVersion = "Xcode 9.3";
			developmentRegion = en;
			hasScannedForEncodings = 0;
			knownRegions = (
				en,
				Base,
			);
			mainGroup = CCC9EE19221D6D0400A86EFA;
			productRefGroup = CCC9EE23221D6D0400A86EFA /* Products */;
			projectDirPath = "";
			projectRoot = "";
			targets = (
				CCC9EE21221D6D0400A86EFA /* Example_ObjC */,
				CCC9EE39221D6D0400A86EFA /* Example_ObjCTests */,
			);
		};
/* End PBXProject section */

/* Begin PBXResourcesBuildPhase section */
		CCC9EE20221D6D0400A86EFA /* Resources */ = {
			isa = PBXResourcesBuildPhase;
			buildActionMask = 2147483647;
			files = (
				CCC9EE32221D6D0400A86EFA /* LaunchScreen.storyboard in Resources */,
				CCC9EE2F221D6D0400A86EFA /* Assets.xcassets in Resources */,
				CCC9EE2D221D6D0400A86EFA /* Main.storyboard in Resources */,
			);
			runOnlyForDeploymentPostprocessing = 0;
		};
		CCC9EE38221D6D0400A86EFA /* Resources */ = {
			isa = PBXResourcesBuildPhase;
			buildActionMask = 2147483647;
			files = (
			);
			runOnlyForDeploymentPostprocessing = 0;
		};
/* End PBXResourcesBuildPhase section */

/* Begin PBXShellScriptBuildPhase section */
		2075E35A51C82DE4165B2F27 /* [CP] Embed Pods Frameworks */ = {
			isa = PBXShellScriptBuildPhase;
			buildActionMask = 2147483647;
			files = (
			);
			inputFileListPaths = (
				"${PODS_ROOT}/Target Support Files/Pods-Example_ObjC/Pods-Example_ObjC-frameworks-${CONFIGURATION}-input-files.xcfilelist",
			);
			name = "[CP] Embed Pods Frameworks";
			outputFileListPaths = (
				"${PODS_ROOT}/Target Support Files/Pods-Example_ObjC/Pods-Example_ObjC-frameworks-${CONFIGURATION}-output-files.xcfilelist",
			);
			runOnlyForDeploymentPostprocessing = 0;
			shellPath = /bin/sh;
			shellScript = "\"${PODS_ROOT}/Target Support Files/Pods-Example_ObjC/Pods-Example_ObjC-frameworks.sh\"\n";
			showEnvVarsInLog = 0;
		};
		302FECB4A478054924D8C439 /* [CP] Check Pods Manifest.lock */ = {
			isa = PBXShellScriptBuildPhase;
			buildActionMask = 2147483647;
			files = (
			);
			inputFileListPaths = (
			);
			inputPaths = (
				"${PODS_PODFILE_DIR_PATH}/Podfile.lock",
				"${PODS_ROOT}/Manifest.lock",
			);
			name = "[CP] Check Pods Manifest.lock";
			outputFileListPaths = (
			);
			outputPaths = (
				"$(DERIVED_FILE_DIR)/Pods-Example_ObjCTests-checkManifestLockResult.txt",
			);
			runOnlyForDeploymentPostprocessing = 0;
			shellPath = /bin/sh;
			shellScript = "diff \"${PODS_PODFILE_DIR_PATH}/Podfile.lock\" \"${PODS_ROOT}/Manifest.lock\" > /dev/null\nif [ $? != 0 ] ; then\n    # print error to STDERR\n    echo \"error: The sandbox is not in sync with the Podfile.lock. Run 'pod install' or update your CocoaPods installation.\" >&2\n    exit 1\nfi\n# This output is used by Xcode 'outputs' to avoid re-running this script phase.\necho \"SUCCESS\" > \"${SCRIPT_OUTPUT_FILE_0}\"\n";
			showEnvVarsInLog = 0;
		};
		ADE188A898A3F8AFA95BDBCF /* [CP] Check Pods Manifest.lock */ = {
			isa = PBXShellScriptBuildPhase;
			buildActionMask = 2147483647;
			files = (
			);
			inputFileListPaths = (
			);
			inputPaths = (
				"${PODS_PODFILE_DIR_PATH}/Podfile.lock",
				"${PODS_ROOT}/Manifest.lock",
			);
			name = "[CP] Check Pods Manifest.lock";
			outputFileListPaths = (
			);
			outputPaths = (
				"$(DERIVED_FILE_DIR)/Pods-Example_ObjC-checkManifestLockResult.txt",
			);
			runOnlyForDeploymentPostprocessing = 0;
			shellPath = /bin/sh;
			shellScript = "diff \"${PODS_PODFILE_DIR_PATH}/Podfile.lock\" \"${PODS_ROOT}/Manifest.lock\" > /dev/null\nif [ $? != 0 ] ; then\n    # print error to STDERR\n    echo \"error: The sandbox is not in sync with the Podfile.lock. Run 'pod install' or update your CocoaPods installation.\" >&2\n    exit 1\nfi\n# This output is used by Xcode 'outputs' to avoid re-running this script phase.\necho \"SUCCESS\" > \"${SCRIPT_OUTPUT_FILE_0}\"\n";
			showEnvVarsInLog = 0;
		};
/* End PBXShellScriptBuildPhase section */

/* Begin PBXSourcesBuildPhase section */
		CCC9EE1E221D6D0400A86EFA /* Sources */ = {
			isa = PBXSourcesBuildPhase;
			buildActionMask = 2147483647;
			files = (
				CCC9EE2A221D6D0400A86EFA /* ViewController.m in Sources */,
				CCC9EE35221D6D0400A86EFA /* main.m in Sources */,
				CCC9EE27221D6D0400A86EFA /* AppDelegate.m in Sources */,
			);
			runOnlyForDeploymentPostprocessing = 0;
		};
		CCC9EE36221D6D0400A86EFA /* Sources */ = {
			isa = PBXSourcesBuildPhase;
			buildActionMask = 2147483647;
			files = (
				CCC9EE3F221D6D0400A86EFA /* Example_ObjCTests.m in Sources */,
			);
			runOnlyForDeploymentPostprocessing = 0;
		};
/* End PBXSourcesBuildPhase section */

/* Begin PBXTargetDependency section */
		CCC9EE3C221D6D0400A86EFA /* PBXTargetDependency */ = {
			isa = PBXTargetDependency;
			target = CCC9EE21221D6D0400A86EFA /* Example_ObjC */;
			targetProxy = CCC9EE3B221D6D0400A86EFA /* PBXContainerItemProxy */;
		};
/* End PBXTargetDependency section */

/* Begin PBXVariantGroup section */
		CCC9EE2B221D6D0400A86EFA /* Main.storyboard */ = {
			isa = PBXVariantGroup;
			children = (
				CCC9EE2C221D6D0400A86EFA /* Base */,
			);
			name = Main.storyboard;
			sourceTree = "<group>";
		};
		CCC9EE30221D6D0400A86EFA /* LaunchScreen.storyboard */ = {
			isa = PBXVariantGroup;
			children = (
				CCC9EE31221D6D0400A86EFA /* Base */,
			);
			name = LaunchScreen.storyboard;
			sourceTree = "<group>";
		};
/* End PBXVariantGroup section */

/* Begin XCBuildConfiguration section */
		CCC9EE41221D6D0400A86EFA /* Debug */ = {
			isa = XCBuildConfiguration;
			buildSettings = {
				ALWAYS_SEARCH_USER_PATHS = NO;
				CLANG_ANALYZER_NONNULL = YES;
				CLANG_ANALYZER_NUMBER_OBJECT_CONVERSION = YES_AGGRESSIVE;
				CLANG_CXX_LANGUAGE_STANDARD = "gnu++14";
				CLANG_CXX_LIBRARY = "libc++";
				CLANG_ENABLE_MODULES = YES;
				CLANG_ENABLE_OBJC_ARC = YES;
				CLANG_ENABLE_OBJC_WEAK = YES;
				CLANG_WARN_BLOCK_CAPTURE_AUTORELEASING = YES;
				CLANG_WARN_BOOL_CONVERSION = YES;
				CLANG_WARN_COMMA = YES;
				CLANG_WARN_CONSTANT_CONVERSION = YES;
				CLANG_WARN_DEPRECATED_OBJC_IMPLEMENTATIONS = YES;
				CLANG_WARN_DIRECT_OBJC_ISA_USAGE = YES_ERROR;
				CLANG_WARN_DOCUMENTATION_COMMENTS = YES;
				CLANG_WARN_EMPTY_BODY = YES;
				CLANG_WARN_ENUM_CONVERSION = YES;
				CLANG_WARN_INFINITE_RECURSION = YES;
				CLANG_WARN_INT_CONVERSION = YES;
				CLANG_WARN_NON_LITERAL_NULL_CONVERSION = YES;
				CLANG_WARN_OBJC_IMPLICIT_RETAIN_SELF = YES;
				CLANG_WARN_OBJC_LITERAL_CONVERSION = YES;
				CLANG_WARN_OBJC_ROOT_CLASS = YES_ERROR;
				CLANG_WARN_RANGE_LOOP_ANALYSIS = YES;
				CLANG_WARN_STRICT_PROTOTYPES = YES;
				CLANG_WARN_SUSPICIOUS_MOVE = YES;
				CLANG_WARN_UNGUARDED_AVAILABILITY = YES_AGGRESSIVE;
				CLANG_WARN_UNREACHABLE_CODE = YES;
				CLANG_WARN__DUPLICATE_METHOD_MATCH = YES;
				CODE_SIGN_IDENTITY = "iPhone Developer";
				COPY_PHASE_STRIP = NO;
				DEBUG_INFORMATION_FORMAT = dwarf;
				ENABLE_STRICT_OBJC_MSGSEND = YES;
				ENABLE_TESTABILITY = YES;
				GCC_C_LANGUAGE_STANDARD = gnu11;
				GCC_DYNAMIC_NO_PIC = NO;
				GCC_NO_COMMON_BLOCKS = YES;
				GCC_OPTIMIZATION_LEVEL = 0;
				GCC_PREPROCESSOR_DEFINITIONS = (
					"DEBUG=1",
					"$(inherited)",
				);
				GCC_WARN_64_TO_32_BIT_CONVERSION = YES;
				GCC_WARN_ABOUT_RETURN_TYPE = YES_ERROR;
				GCC_WARN_UNDECLARED_SELECTOR = YES;
				GCC_WARN_UNINITIALIZED_AUTOS = YES_AGGRESSIVE;
				GCC_WARN_UNUSED_FUNCTION = YES;
				GCC_WARN_UNUSED_VARIABLE = YES;
				IPHONEOS_DEPLOYMENT_TARGET = 12.1;
				MTL_ENABLE_DEBUG_INFO = INCLUDE_SOURCE;
				MTL_FAST_MATH = YES;
				ONLY_ACTIVE_ARCH = YES;
				SDKROOT = iphoneos;
			};
			name = Debug;
		};
		CCC9EE42221D6D0400A86EFA /* Release */ = {
			isa = XCBuildConfiguration;
			buildSettings = {
				ALWAYS_SEARCH_USER_PATHS = NO;
				CLANG_ANALYZER_NONNULL = YES;
				CLANG_ANALYZER_NUMBER_OBJECT_CONVERSION = YES_AGGRESSIVE;
				CLANG_CXX_LANGUAGE_STANDARD = "gnu++14";
				CLANG_CXX_LIBRARY = "libc++";
				CLANG_ENABLE_MODULES = YES;
				CLANG_ENABLE_OBJC_ARC = YES;
				CLANG_ENABLE_OBJC_WEAK = YES;
				CLANG_WARN_BLOCK_CAPTURE_AUTORELEASING = YES;
				CLANG_WARN_BOOL_CONVERSION = YES;
				CLANG_WARN_COMMA = YES;
				CLANG_WARN_CONSTANT_CONVERSION = YES;
				CLANG_WARN_DEPRECATED_OBJC_IMPLEMENTATIONS = YES;
				CLANG_WARN_DIRECT_OBJC_ISA_USAGE = YES_ERROR;
				CLANG_WARN_DOCUMENTATION_COMMENTS = YES;
				CLANG_WARN_EMPTY_BODY = YES;
				CLANG_WARN_ENUM_CONVERSION = YES;
				CLANG_WARN_INFINITE_RECURSION = YES;
				CLANG_WARN_INT_CONVERSION = YES;
				CLANG_WARN_NON_LITERAL_NULL_CONVERSION = YES;
				CLANG_WARN_OBJC_IMPLICIT_RETAIN_SELF = YES;
				CLANG_WARN_OBJC_LITERAL_CONVERSION = YES;
				CLANG_WARN_OBJC_ROOT_CLASS = YES_ERROR;
				CLANG_WARN_RANGE_LOOP_ANALYSIS = YES;
				CLANG_WARN_STRICT_PROTOTYPES = YES;
				CLANG_WARN_SUSPICIOUS_MOVE = YES;
				CLANG_WARN_UNGUARDED_AVAILABILITY = YES_AGGRESSIVE;
				CLANG_WARN_UNREACHABLE_CODE = YES;
				CLANG_WARN__DUPLICATE_METHOD_MATCH = YES;
				CODE_SIGN_IDENTITY = "iPhone Developer";
				COPY_PHASE_STRIP = NO;
				DEBUG_INFORMATION_FORMAT = "dwarf-with-dsym";
				ENABLE_NS_ASSERTIONS = NO;
				ENABLE_STRICT_OBJC_MSGSEND = YES;
				GCC_C_LANGUAGE_STANDARD = gnu11;
				GCC_NO_COMMON_BLOCKS = YES;
				GCC_WARN_64_TO_32_BIT_CONVERSION = YES;
				GCC_WARN_ABOUT_RETURN_TYPE = YES_ERROR;
				GCC_WARN_UNDECLARED_SELECTOR = YES;
				GCC_WARN_UNINITIALIZED_AUTOS = YES_AGGRESSIVE;
				GCC_WARN_UNUSED_FUNCTION = YES;
				GCC_WARN_UNUSED_VARIABLE = YES;
				IPHONEOS_DEPLOYMENT_TARGET = 12.1;
				MTL_ENABLE_DEBUG_INFO = NO;
				MTL_FAST_MATH = YES;
				SDKROOT = iphoneos;
				VALIDATE_PRODUCT = YES;
			};
			name = Release;
		};
		CCC9EE44221D6D0400A86EFA /* Debug */ = {
			isa = XCBuildConfiguration;
			baseConfigurationReference = 9B977112BA3E0FBD197AC6CC /* Pods-Example_ObjC.debug.xcconfig */;
			buildSettings = {
				ASSETCATALOG_COMPILER_APPICON_NAME = AppIcon;
				CODE_SIGN_STYLE = Automatic;
				DEVELOPMENT_TEAM = FS5W7P78DN;
				INFOPLIST_FILE = Example_ObjC/Info.plist;
				IPHONEOS_DEPLOYMENT_TARGET = 10.0;
				LD_RUNPATH_SEARCH_PATHS = (
					"$(inherited)",
					"@executable_path/Frameworks",
				);
				PRODUCT_BUNDLE_IDENTIFIER = "tech.vault.Example-ObjC";
				PRODUCT_NAME = "$(TARGET_NAME)";
				TARGETED_DEVICE_FAMILY = "1,2";
			};
			name = Debug;
		};
		CCC9EE45221D6D0400A86EFA /* Release */ = {
			isa = XCBuildConfiguration;
			baseConfigurationReference = 4F53D46A9ABCB647E740C0D8 /* Pods-Example_ObjC.release.xcconfig */;
			buildSettings = {
				ASSETCATALOG_COMPILER_APPICON_NAME = AppIcon;
				CODE_SIGN_STYLE = Automatic;
				DEVELOPMENT_TEAM = FS5W7P78DN;
				INFOPLIST_FILE = Example_ObjC/Info.plist;
				IPHONEOS_DEPLOYMENT_TARGET = 10.0;
				LD_RUNPATH_SEARCH_PATHS = (
					"$(inherited)",
					"@executable_path/Frameworks",
				);
				PRODUCT_BUNDLE_IDENTIFIER = "tech.vault.Example-ObjC";
				PRODUCT_NAME = "$(TARGET_NAME)";
				TARGETED_DEVICE_FAMILY = "1,2";
			};
			name = Release;
		};
		CCC9EE47221D6D0400A86EFA /* Debug */ = {
			isa = XCBuildConfiguration;
			baseConfigurationReference = 8B93A88CC731AED2D1EABD08 /* Pods-Example_ObjCTests.debug.xcconfig */;
			buildSettings = {
				BUNDLE_LOADER = "$(TEST_HOST)";
				CODE_SIGN_STYLE = Automatic;
				DEVELOPMENT_TEAM = FS5W7P78DN;
				INFOPLIST_FILE = Example_ObjCTests/Info.plist;
				LD_RUNPATH_SEARCH_PATHS = (
					"$(inherited)",
					"@executable_path/Frameworks",
					"@loader_path/Frameworks",
				);
				PRODUCT_BUNDLE_IDENTIFIER = "tech.vault.Example-ObjCTests";
				PRODUCT_NAME = "$(TARGET_NAME)";
				TARGETED_DEVICE_FAMILY = "1,2";
				TEST_HOST = "$(BUILT_PRODUCTS_DIR)/Example_ObjC.app/Example_ObjC";
			};
			name = Debug;
		};
		CCC9EE48221D6D0400A86EFA /* Release */ = {
			isa = XCBuildConfiguration;
			baseConfigurationReference = A360DC27926E7446840CFE65 /* Pods-Example_ObjCTests.release.xcconfig */;
			buildSettings = {
				BUNDLE_LOADER = "$(TEST_HOST)";
				CODE_SIGN_STYLE = Automatic;
				DEVELOPMENT_TEAM = FS5W7P78DN;
				INFOPLIST_FILE = Example_ObjCTests/Info.plist;
				LD_RUNPATH_SEARCH_PATHS = (
					"$(inherited)",
					"@executable_path/Frameworks",
					"@loader_path/Frameworks",
				);
				PRODUCT_BUNDLE_IDENTIFIER = "tech.vault.Example-ObjCTests";
				PRODUCT_NAME = "$(TARGET_NAME)";
				TARGETED_DEVICE_FAMILY = "1,2";
				TEST_HOST = "$(BUILT_PRODUCTS_DIR)/Example_ObjC.app/Example_ObjC";
			};
			name = Release;
		};
/* End XCBuildConfiguration section */

/* Begin XCConfigurationList section */
		CCC9EE1D221D6D0400A86EFA /* Build configuration list for PBXProject "Example_ObjC" */ = {
			isa = XCConfigurationList;
			buildConfigurations = (
				CCC9EE41221D6D0400A86EFA /* Debug */,
				CCC9EE42221D6D0400A86EFA /* Release */,
			);
			defaultConfigurationIsVisible = 0;
			defaultConfigurationName = Release;
		};
		CCC9EE43221D6D0400A86EFA /* Build configuration list for PBXNativeTarget "Example_ObjC" */ = {
			isa = XCConfigurationList;
			buildConfigurations = (
				CCC9EE44221D6D0400A86EFA /* Debug */,
				CCC9EE45221D6D0400A86EFA /* Release */,
			);
			defaultConfigurationIsVisible = 0;
			defaultConfigurationName = Release;
		};
		CCC9EE46221D6D0400A86EFA /* Build configuration list for PBXNativeTarget "Example_ObjCTests" */ = {
			isa = XCConfigurationList;
			buildConfigurations = (
				CCC9EE47221D6D0400A86EFA /* Debug */,
				CCC9EE48221D6D0400A86EFA /* Release */,
			);
			defaultConfigurationIsVisible = 0;
			defaultConfigurationName = Release;
		};
/* End XCConfigurationList section */
	};
	rootObject = CCC9EE1A221D6D0400A86EFA /* Project object */;
}
