PODS:
  - AppAuth (1.0.0.beta1)
  - CryptoSwift (0.14.0)
  - SwiftyJSON (4.2.0)
  - VaultSDK (0.1.0):
    - AppAuth (= 1.0.0.beta1)
    - CryptoSwift (~> 0.14.0)
    - SwiftyJSON (~> 4.2.0)

DEPENDENCIES:
  - VaultSDK (from `../`)

SPEC REPOS:
  https://github.com/cocoapods/specs.git:
    - AppAuth
    - CryptoSwift
    - SwiftyJSON

EXTERNAL SOURCES:
  VaultSDK:
    :path: "../"

SPEC CHECKSUMS:
  AppAuth: ed552b73ee870e0de69ad82ad50d6983443bb1e3
  CryptoSwift: 35a10419f4dbf0619c13f8c1c180037e115323fa
  SwiftyJSON: c4bcba26dd9ec7a027fc8eade48e2c911f229e96
  VaultSDK: ceac15c14fe142f579584723c12fa0552a672cc3

PODFILE CHECKSUM: 41081cfd7168843e691a882c456a0015b12fe4df

COCOAPODS: 1.5.3
