PODS:
  - AppAuth (1.0.0.beta1)
  - CryptoSwift (0.14.0)
  - MithVaultSDK (0.1.0):
    - AppAuth (= 1.0.0.beta1)
    - CryptoSwift (~> 0.14.0)
    - SwiftyJSON (~> 4.2.0)
  - SwiftyJSON (4.2.0)

DEPENDENCIES:
  - MithVaultSDK (from `../`)

SPEC REPOS:
  https://github.com/cocoapods/specs.git:
    - AppAuth
    - CryptoSwift
    - SwiftyJSON

EXTERNAL SOURCES:
  MithVaultSDK:
    :path: "../"

SPEC CHECKSUMS:
  AppAuth: ed552b73ee870e0de69ad82ad50d6983443bb1e3
  CryptoSwift: 35a10419f4dbf0619c13f8c1c180037e115323fa
  MithVaultSDK: b781a10c7cfe6db1debbeaa62fcda01ca34b786c
  SwiftyJSON: c4bcba26dd9ec7a027fc8eade48e2c911f229e96

PODFILE CHECKSUM: 0522c3f46bdab3f7b1be2d967781a6555106a2ee

COCOAPODS: 1.5.3
