// !$*UTF8*$!
{
	archiveVersion = 1;
	classes = {
	};
	objectVersion = 50;
	objects = {

/* Begin PBXBuildFile section */
		235D1E062D9B38ACF44BBF43 /* Pods_Example_Swift.framework in Frameworks */ = {isa = PBXBuildFile; fileRef = 5207960FDF447925092FAF3A /* Pods_Example_Swift.framework */; };
		2980A4BA53B967DD4ED9FC9B /* Pods_Example_SwiftTests.framework in Frameworks */ = {isa = PBXBuildFile; fileRef = 6CB1249895772E27217AC3DA /* Pods_Example_SwiftTests.framework */; };
		CCC9EDFA221D6CCE00A86EFA /* AppDelegate.swift in Sources */ = {isa = PBXBuildFile; fileRef = CCC9EDF9221D6CCE00A86EFA /* AppDelegate.swift */; };
		CCC9EDFC221D6CCF00A86EFA /* ViewController.swift in Sources */ = {isa = PBXBuildFile; fileRef = CCC9EDFB221D6CCF00A86EFA /* ViewController.swift */; };
		CCC9EDFF221D6CCF00A86EFA /* Main.storyboard in Resources */ = {isa = PBXBuildFile; fileRef = CCC9EDFD221D6CCF00A86EFA /* Main.storyboard */; };
		CCC9EE01221D6CCF00A86EFA /* Assets.xcassets in Resources */ = {isa = PBXBuildFile; fileRef = CCC9EE00221D6CCF00A86EFA /* Assets.xcassets */; };
		CCC9EE04221D6CCF00A86EFA /* LaunchScreen.storyboard in Resources */ = {isa = PBXBuildFile; fileRef = CCC9EE02221D6CCF00A86EFA /* LaunchScreen.storyboard */; };
		CCC9EE0F221D6CCF00A86EFA /* Example_SwiftTests.swift in Sources */ = {isa = PBXBuildFile; fileRef = CCC9EE0E221D6CCF00A86EFA /* Example_SwiftTests.swift */; };
/* End PBXBuildFile section */

/* Begin PBXContainerItemProxy section */
		CCC9EE0B221D6CCF00A86EFA /* PBXContainerItemProxy */ = {
			isa = PBXContainerItemProxy;
			containerPortal = CCC9EDEE221D6CCE00A86EFA /* Project object */;
			proxyType = 1;
			remoteGlobalIDString = CCC9EDF5221D6CCE00A86EFA;
			remoteInfo = Example_Swift;
		};
/* End PBXContainerItemProxy section */

/* Begin PBXFileReference section */
		5207960FDF447925092FAF3A /* Pods_Example_Swift.framework */ = {isa = PBXFileReference; explicitFileType = wrapper.framework; includeInIndex = 0; path = Pods_Example_Swift.framework; sourceTree = BUILT_PRODUCTS_DIR; };
		565D24C3445CCD5D9F314A40 /* Pods-Example_Swift.debug.xcconfig */ = {isa = PBXFileReference; includeInIndex = 1; lastKnownFileType = text.xcconfig; name = "Pods-Example_Swift.debug.xcconfig"; path = "../Pods/Target Support Files/Pods-Example_Swift/Pods-Example_Swift.debug.xcconfig"; sourceTree = "<group>"; };
		62E5C3B977C1018A13827997 /* Pods-Example_SwiftTests.debug.xcconfig */ = {isa = PBXFileReference; includeInIndex = 1; lastKnownFileType = text.xcconfig; name = "Pods-Example_SwiftTests.debug.xcconfig"; path = "../Pods/Target Support Files/Pods-Example_SwiftTests/Pods-Example_SwiftTests.debug.xcconfig"; sourceTree = "<group>"; };
		6CB1249895772E27217AC3DA /* Pods_Example_SwiftTests.framework */ = {isa = PBXFileReference; explicitFileType = wrapper.framework; includeInIndex = 0; path = Pods_Example_SwiftTests.framework; sourceTree = BUILT_PRODUCTS_DIR; };
		82058A5C1EC74978141EE65F /* Pods-Example_Swift.release.xcconfig */ = {isa = PBXFileReference; includeInIndex = 1; lastKnownFileType = text.xcconfig; name = "Pods-Example_Swift.release.xcconfig"; path = "../Pods/Target Support Files/Pods-Example_Swift/Pods-Example_Swift.release.xcconfig"; sourceTree = "<group>"; };
		CCC9EDF6221D6CCE00A86EFA /* Example_Swift.app */ = {isa = PBXFileReference; explicitFileType = wrapper.application; includeInIndex = 0; path = Example_Swift.app; sourceTree = BUILT_PRODUCTS_DIR; };
		CCC9EDF9221D6CCE00A86EFA /* AppDelegate.swift */ = {isa = PBXFileReference; lastKnownFileType = sourcecode.swift; path = AppDelegate.swift; sourceTree = "<group>"; };
		CCC9EDFB221D6CCF00A86EFA /* ViewController.swift */ = {isa = PBXFileReference; lastKnownFileType = sourcecode.swift; path = ViewController.swift; sourceTree = "<group>"; };
		CCC9EDFE221D6CCF00A86EFA /* Base */ = {isa = PBXFileReference; lastKnownFileType = file.storyboard; name = Base; path = Base.lproj/Main.storyboard; sourceTree = "<group>"; };
		CCC9EE00221D6CCF00A86EFA /* Assets.xcassets */ = {isa = PBXFileReference; lastKnownFileType = folder.assetcatalog; path = Assets.xcassets; sourceTree = "<group>"; };
		CCC9EE03221D6CCF00A86EFA /* Base */ = {isa = PBXFileReference; lastKnownFileType = file.storyboard; name = Base; path = Base.lproj/LaunchScreen.storyboard; sourceTree = "<group>"; };
		CCC9EE05221D6CCF00A86EFA /* Info.plist */ = {isa = PBXFileReference; lastKnownFileType = text.plist.xml; path = Info.plist; sourceTree = "<group>"; };
		CCC9EE0A221D6CCF00A86EFA /* Example_SwiftTests.xctest */ = {isa = PBXFileReference; explicitFileType = wrapper.cfbundle; includeInIndex = 0; path = Example_SwiftTests.xctest; sourceTree = BUILT_PRODUCTS_DIR; };
		CCC9EE0E221D6CCF00A86EFA /* Example_SwiftTests.swift */ = {isa = PBXFileReference; lastKnownFileType = sourcecode.swift; path = Example_SwiftTests.swift; sourceTree = "<group>"; };
		CCC9EE10221D6CCF00A86EFA /* Info.plist */ = {isa = PBXFileReference; lastKnownFileType = text.plist.xml; path = Info.plist; sourceTree = "<group>"; };
		FA8F0FDEE575DF0B7D06F272 /* Pods-Example_SwiftTests.release.xcconfig */ = {isa = PBXFileReference; includeInIndex = 1; lastKnownFileType = text.xcconfig; name = "Pods-Example_SwiftTests.release.xcconfig"; path = "../Pods/Target Support Files/Pods-Example_SwiftTests/Pods-Example_SwiftTests.release.xcconfig"; sourceTree = "<group>"; };
/* End PBXFileReference section */

/* Begin PBXFrameworksBuildPhase section */
		CCC9EDF3221D6CCE00A86EFA /* Frameworks */ = {
			isa = PBXFrameworksBuildPhase;
			buildActionMask = 2147483647;
			files = (
				235D1E062D9B38ACF44BBF43 /* Pods_Example_Swift.framework in Frameworks */,
			);
			runOnlyForDeploymentPostprocessing = 0;
		};
		CCC9EE07221D6CCF00A86EFA /* Frameworks */ = {
			isa = PBXFrameworksBuildPhase;
			buildActionMask = 2147483647;
			files = (
				2980A4BA53B967DD4ED9FC9B /* Pods_Example_SwiftTests.framework in Frameworks */,
			);
			runOnlyForDeploymentPostprocessing = 0;
		};
/* End PBXFrameworksBuildPhase section */

/* Begin PBXGroup section */
		3B6A78C3AEB2A7D844523AFC /* Pods */ = {
			isa = PBXGroup;
			children = (
				565D24C3445CCD5D9F314A40 /* Pods-Example_Swift.debug.xcconfig */,
				82058A5C1EC74978141EE65F /* Pods-Example_Swift.release.xcconfig */,
				62E5C3B977C1018A13827997 /* Pods-Example_SwiftTests.debug.xcconfig */,
				FA8F0FDEE575DF0B7D06F272 /* Pods-Example_SwiftTests.release.xcconfig */,
			);
			name = Pods;
			sourceTree = "<group>";
		};
		9A28495E0C9AF96636BCAA86 /* Frameworks */ = {
			isa = PBXGroup;
			children = (
				5207960FDF447925092FAF3A /* Pods_Example_Swift.framework */,
				6CB1249895772E27217AC3DA /* Pods_Example_SwiftTests.framework */,
			);
			name = Frameworks;
			sourceTree = "<group>";
		};
		CCC9EDED221D6CCE00A86EFA = {
			isa = PBXGroup;
			children = (
				CCC9EDF8221D6CCE00A86EFA /* Example_Swift */,
				CCC9EE0D221D6CCF00A86EFA /* Example_SwiftTests */,
				CCC9EDF7221D6CCE00A86EFA /* Products */,
				3B6A78C3AEB2A7D844523AFC /* Pods */,
				9A28495E0C9AF96636BCAA86 /* Frameworks */,
			);
			sourceTree = "<group>";
		};
		CCC9EDF7221D6CCE00A86EFA /* Products */ = {
			isa = PBXGroup;
			children = (
				CCC9EDF6221D6CCE00A86EFA /* Example_Swift.app */,
				CCC9EE0A221D6CCF00A86EFA /* Example_SwiftTests.xctest */,
			);
			name = Products;
			sourceTree = "<group>";
		};
		CCC9EDF8221D6CCE00A86EFA /* Example_Swift */ = {
			isa = PBXGroup;
			children = (
				CCC9EDF9221D6CCE00A86EFA /* AppDelegate.swift */,
				CCC9EDFB221D6CCF00A86EFA /* ViewController.swift */,
				CCC9EDFD221D6CCF00A86EFA /* Main.storyboard */,
				CCC9EE00221D6CCF00A86EFA /* Assets.xcassets */,
				CCC9EE02221D6CCF00A86EFA /* LaunchScreen.storyboard */,
				CCC9EE05221D6CCF00A86EFA /* Info.plist */,
			);
			path = Example_Swift;
			sourceTree = "<group>";
		};
		CCC9EE0D221D6CCF00A86EFA /* Example_SwiftTests */ = {
			isa = PBXGroup;
			children = (
				CCC9EE0E221D6CCF00A86EFA /* Example_SwiftTests.swift */,
				CCC9EE10221D6CCF00A86EFA /* Info.plist */,
			);
			path = Example_SwiftTests;
			sourceTree = "<group>";
		};
/* End PBXGroup section */

/* Begin PBXNativeTarget section */
		CCC9EDF5221D6CCE00A86EFA /* Example_Swift */ = {
			isa = PBXNativeTarget;
			buildConfigurationList = CCC9EE13221D6CCF00A86EFA /* Build configuration list for PBXNativeTarget "Example_Swift" */;
			buildPhases = (
				149B6A7150DC55E1887EA485 /* [CP] Check Pods Manifest.lock */,
				CCC9EDF2221D6CCE00A86EFA /* Sources */,
				CCC9EDF3221D6CCE00A86EFA /* Frameworks */,
				CCC9EDF4221D6CCE00A86EFA /* Resources */,
				2D94CC99C5E5C8A204AE2BDA /* [CP] Embed Pods Frameworks */,
			);
			buildRules = (
			);
			dependencies = (
			);
			name = Example_Swift;
			productName = Example_Swift;
			productReference = CCC9EDF6221D6CCE00A86EFA /* Example_Swift.app */;
			productType = "com.apple.product-type.application";
		};
		CCC9EE09221D6CCF00A86EFA /* Example_SwiftTests */ = {
			isa = PBXNativeTarget;
			buildConfigurationList = CCC9EE16221D6CCF00A86EFA /* Build configuration list for PBXNativeTarget "Example_SwiftTests" */;
			buildPhases = (
				A2BC9B3254A42EE9D4E0D3B9 /* [CP] Check Pods Manifest.lock */,
				CCC9EE06221D6CCF00A86EFA /* Sources */,
				CCC9EE07221D6CCF00A86EFA /* Frameworks */,
				CCC9EE08221D6CCF00A86EFA /* Resources */,
			);
			buildRules = (
			);
			dependencies = (
				CCC9EE0C221D6CCF00A86EFA /* PBXTargetDependency */,
			);
			name = Example_SwiftTests;
			productName = Example_SwiftTests;
			productReference = CCC9EE0A221D6CCF00A86EFA /* Example_SwiftTests.xctest */;
			productType = "com.apple.product-type.bundle.unit-test";
		};
/* End PBXNativeTarget section */

/* Begin PBXProject section */
		CCC9EDEE221D6CCE00A86EFA /* Project object */ = {
			isa = PBXProject;
			attributes = {
				LastSwiftUpdateCheck = 1010;
				LastUpgradeCheck = 1010;
				ORGANIZATIONNAME = "Mithril Ltd.";
				TargetAttributes = {
					CCC9EDF5221D6CCE00A86EFA = {
						CreatedOnToolsVersion = 10.1;
					};
					CCC9EE09221D6CCF00A86EFA = {
						CreatedOnToolsVersion = 10.1;
						TestTargetID = CCC9EDF5221D6CCE00A86EFA;
					};
				};
			};
			buildConfigurationList = CCC9EDF1221D6CCE00A86EFA /* Build configuration list for PBXProject "Example_Swift" */;
			compatibilityVersion = "Xcode 9.3";
			developmentRegion = en;
			hasScannedForEncodings = 0;
			knownRegions = (
				en,
				Base,
			);
			mainGroup = CCC9EDED221D6CCE00A86EFA;
			productRefGroup = CCC9EDF7221D6CCE00A86EFA /* Products */;
			projectDirPath = "";
			projectRoot = "";
			targets = (
				CCC9EDF5221D6CCE00A86EFA /* Example_Swift */,
				CCC9EE09221D6CCF00A86EFA /* Example_SwiftTests */,
			);
		};
/* End PBXProject section */

/* Begin PBXResourcesBuildPhase section */
		CCC9EDF4221D6CCE00A86EFA /* Resources */ = {
			isa = PBXResourcesBuildPhase;
			buildActionMask = 2147483647;
			files = (
				CCC9EE04221D6CCF00A86EFA /* LaunchScreen.storyboard in Resources */,
				CCC9EE01221D6CCF00A86EFA /* Assets.xcassets in Resources */,
				CCC9EDFF221D6CCF00A86EFA /* Main.storyboard in Resources */,
			);
			runOnlyForDeploymentPostprocessing = 0;
		};
		CCC9EE08221D6CCF00A86EFA /* Resources */ = {
			isa = PBXResourcesBuildPhase;
			buildActionMask = 2147483647;
			files = (
			);
			runOnlyForDeploymentPostprocessing = 0;
		};
/* End PBXResourcesBuildPhase section */

/* Begin PBXShellScriptBuildPhase section */
		149B6A7150DC55E1887EA485 /* [CP] Check Pods Manifest.lock */ = {
			isa = PBXShellScriptBuildPhase;
			buildActionMask = 2147483647;
			files = (
			);
			inputFileListPaths = (
			);
			inputPaths = (
				"${PODS_PODFILE_DIR_PATH}/Podfile.lock",
				"${PODS_ROOT}/Manifest.lock",
			);
			name = "[CP] Check Pods Manifest.lock";
			outputFileListPaths = (
			);
			outputPaths = (
				"$(DERIVED_FILE_DIR)/Pods-Example_Swift-checkManifestLockResult.txt",
			);
			runOnlyForDeploymentPostprocessing = 0;
			shellPath = /bin/sh;
			shellScript = "diff \"${PODS_PODFILE_DIR_PATH}/Podfile.lock\" \"${PODS_ROOT}/Manifest.lock\" > /dev/null\nif [ $? != 0 ] ; then\n    # print error to STDERR\n    echo \"error: The sandbox is not in sync with the Podfile.lock. Run 'pod install' or update your CocoaPods installation.\" >&2\n    exit 1\nfi\n# This output is used by Xcode 'outputs' to avoid re-running this script phase.\necho \"SUCCESS\" > \"${SCRIPT_OUTPUT_FILE_0}\"\n";
			showEnvVarsInLog = 0;
		};
		2D94CC99C5E5C8A204AE2BDA /* [CP] Embed Pods Frameworks */ = {
			isa = PBXShellScriptBuildPhase;
			buildActionMask = 2147483647;
			files = (
			);
			inputFileListPaths = (
			);
			inputPaths = (
				"${SRCROOT}/../Pods/Target Support Files/Pods-Example_Swift/Pods-Example_Swift-frameworks.sh",
				"${BUILT_PRODUCTS_DIR}/AppAuth/AppAuth.framework",
				"${BUILT_PRODUCTS_DIR}/CryptoSwift/CryptoSwift.framework",
				"${BUILT_PRODUCTS_DIR}/MithVaultSDK/MithVaultSDK.framework",
				"${BUILT_PRODUCTS_DIR}/SwiftyJSON/SwiftyJSON.framework",
			);
			name = "[CP] Embed Pods Frameworks";
			outputFileListPaths = (
			);
			outputPaths = (
				"${TARGET_BUILD_DIR}/${FRAMEWORKS_FOLDER_PATH}/AppAuth.framework",
				"${TARGET_BUILD_DIR}/${FRAMEWORKS_FOLDER_PATH}/CryptoSwift.framework",
				"${TARGET_BUILD_DIR}/${FRAMEWORKS_FOLDER_PATH}/MithVaultSDK.framework",
				"${TARGET_BUILD_DIR}/${FRAMEWORKS_FOLDER_PATH}/SwiftyJSON.framework",
			);
			runOnlyForDeploymentPostprocessing = 0;
			shellPath = /bin/sh;
			shellScript = "\"${SRCROOT}/../Pods/Target Support Files/Pods-Example_Swift/Pods-Example_Swift-frameworks.sh\"\n";
			showEnvVarsInLog = 0;
		};
		A2BC9B3254A42EE9D4E0D3B9 /* [CP] Check Pods Manifest.lock */ = {
			isa = PBXShellScriptBuildPhase;
			buildActionMask = 2147483647;
			files = (
			);
			inputFileListPaths = (
			);
			inputPaths = (
				"${PODS_PODFILE_DIR_PATH}/Podfile.lock",
				"${PODS_ROOT}/Manifest.lock",
			);
			name = "[CP] Check Pods Manifest.lock";
			outputFileListPaths = (
			);
			outputPaths = (
				"$(DERIVED_FILE_DIR)/Pods-Example_SwiftTests-checkManifestLockResult.txt",
			);
			runOnlyForDeploymentPostprocessing = 0;
			shellPath = /bin/sh;
			shellScript = "diff \"${PODS_PODFILE_DIR_PATH}/Podfile.lock\" \"${PODS_ROOT}/Manifest.lock\" > /dev/null\nif [ $? != 0 ] ; then\n    # print error to STDERR\n    echo \"error: The sandbox is not in sync with the Podfile.lock. Run 'pod install' or update your CocoaPods installation.\" >&2\n    exit 1\nfi\n# This output is used by Xcode 'outputs' to avoid re-running this script phase.\necho \"SUCCESS\" > \"${SCRIPT_OUTPUT_FILE_0}\"\n";
			showEnvVarsInLog = 0;
		};
/* End PBXShellScriptBuildPhase section */

/* Begin PBXSourcesBuildPhase section */
		CCC9EDF2221D6CCE00A86EFA /* Sources */ = {
			isa = PBXSourcesBuildPhase;
			buildActionMask = 2147483647;
			files = (
				CCC9EDFC221D6CCF00A86EFA /* ViewController.swift in Sources */,
				CCC9EDFA221D6CCE00A86EFA /* AppDelegate.swift in Sources */,
			);
			runOnlyForDeploymentPostprocessing = 0;
		};
		CCC9EE06221D6CCF00A86EFA /* Sources */ = {
			isa = PBXSourcesBuildPhase;
			buildActionMask = 2147483647;
			files = (
				CCC9EE0F221D6CCF00A86EFA /* Example_SwiftTests.swift in Sources */,
			);
			runOnlyForDeploymentPostprocessing = 0;
		};
/* End PBXSourcesBuildPhase section */

/* Begin PBXTargetDependency section */
		CCC9EE0C221D6CCF00A86EFA /* PBXTargetDependency */ = {
			isa = PBXTargetDependency;
			target = CCC9EDF5221D6CCE00A86EFA /* Example_Swift */;
			targetProxy = CCC9EE0B221D6CCF00A86EFA /* PBXContainerItemProxy */;
		};
/* End PBXTargetDependency section */

/* Begin PBXVariantGroup section */
		CCC9EDFD221D6CCF00A86EFA /* Main.storyboard */ = {
			isa = PBXVariantGroup;
			children = (
				CCC9EDFE221D6CCF00A86EFA /* Base */,
			);
			name = Main.storyboard;
			sourceTree = "<group>";
		};
		CCC9EE02221D6CCF00A86EFA /* LaunchScreen.storyboard */ = {
			isa = PBXVariantGroup;
			children = (
				CCC9EE03221D6CCF00A86EFA /* Base */,
			);
			name = LaunchScreen.storyboard;
			sourceTree = "<group>";
		};
/* End PBXVariantGroup section */

/* Begin XCBuildConfiguration section */
		CCC9EE11221D6CCF00A86EFA /* Debug */ = {
			isa = XCBuildConfiguration;
			buildSettings = {
				ALWAYS_SEARCH_USER_PATHS = NO;
				CLANG_ANALYZER_NONNULL = YES;
				CLANG_ANALYZER_NUMBER_OBJECT_CONVERSION = YES_AGGRESSIVE;
				CLANG_CXX_LANGUAGE_STANDARD = "gnu++14";
				CLANG_CXX_LIBRARY = "libc++";
				CLANG_ENABLE_MODULES = YES;
				CLANG_ENABLE_OBJC_ARC = YES;
				CLANG_ENABLE_OBJC_WEAK = YES;
				CLANG_WARN_BLOCK_CAPTURE_AUTORELEASING = YES;
				CLANG_WARN_BOOL_CONVERSION = YES;
				CLANG_WARN_COMMA = YES;
				CLANG_WARN_CONSTANT_CONVERSION = YES;
				CLANG_WARN_DEPRECATED_OBJC_IMPLEMENTATIONS = YES;
				CLANG_WARN_DIRECT_OBJC_ISA_USAGE = YES_ERROR;
				CLANG_WARN_DOCUMENTATION_COMMENTS = YES;
				CLANG_WARN_EMPTY_BODY = YES;
				CLANG_WARN_ENUM_CONVERSION = YES;
				CLANG_WARN_INFINITE_RECURSION = YES;
				CLANG_WARN_INT_CONVERSION = YES;
				CLANG_WARN_NON_LITERAL_NULL_CONVERSION = YES;
				CLANG_WARN_OBJC_IMPLICIT_RETAIN_SELF = YES;
				CLANG_WARN_OBJC_LITERAL_CONVERSION = YES;
				CLANG_WARN_OBJC_ROOT_CLASS = YES_ERROR;
				CLANG_WARN_RANGE_LOOP_ANALYSIS = YES;
				CLANG_WARN_STRICT_PROTOTYPES = YES;
				CLANG_WARN_SUSPICIOUS_MOVE = YES;
				CLANG_WARN_UNGUARDED_AVAILABILITY = YES_AGGRESSIVE;
				CLANG_WARN_UNREACHABLE_CODE = YES;
				CLANG_WARN__DUPLICATE_METHOD_MATCH = YES;
				CODE_SIGN_IDENTITY = "iPhone Developer";
				COPY_PHASE_STRIP = NO;
				DEBUG_INFORMATION_FORMAT = dwarf;
				ENABLE_STRICT_OBJC_MSGSEND = YES;
				ENABLE_TESTABILITY = YES;
				GCC_C_LANGUAGE_STANDARD = gnu11;
				GCC_DYNAMIC_NO_PIC = NO;
				GCC_NO_COMMON_BLOCKS = YES;
				GCC_OPTIMIZATION_LEVEL = 0;
				GCC_PREPROCESSOR_DEFINITIONS = (
					"DEBUG=1",
					"$(inherited)",
				);
				GCC_WARN_64_TO_32_BIT_CONVERSION = YES;
				GCC_WARN_ABOUT_RETURN_TYPE = YES_ERROR;
				GCC_WARN_UNDECLARED_SELECTOR = YES;
				GCC_WARN_UNINITIALIZED_AUTOS = YES_AGGRESSIVE;
				GCC_WARN_UNUSED_FUNCTION = YES;
				GCC_WARN_UNUSED_VARIABLE = YES;
				IPHONEOS_DEPLOYMENT_TARGET = 12.1;
				MTL_ENABLE_DEBUG_INFO = INCLUDE_SOURCE;
				MTL_FAST_MATH = YES;
				ONLY_ACTIVE_ARCH = YES;
				SDKROOT = iphoneos;
				SWIFT_ACTIVE_COMPILATION_CONDITIONS = DEBUG;
				SWIFT_OPTIMIZATION_LEVEL = "-Onone";
			};
			name = Debug;
		};
		CCC9EE12221D6CCF00A86EFA /* Release */ = {
			isa = XCBuildConfiguration;
			buildSettings = {
				ALWAYS_SEARCH_USER_PATHS = NO;
				CLANG_ANALYZER_NONNULL = YES;
				CLANG_ANALYZER_NUMBER_OBJECT_CONVERSION = YES_AGGRESSIVE;
				CLANG_CXX_LANGUAGE_STANDARD = "gnu++14";
				CLANG_CXX_LIBRARY = "libc++";
				CLANG_ENABLE_MODULES = YES;
				CLANG_ENABLE_OBJC_ARC = YES;
				CLANG_ENABLE_OBJC_WEAK = YES;
				CLANG_WARN_BLOCK_CAPTURE_AUTORELEASING = YES;
				CLANG_WARN_BOOL_CONVERSION = YES;
				CLANG_WARN_COMMA = YES;
				CLANG_WARN_CONSTANT_CONVERSION = YES;
				CLANG_WARN_DEPRECATED_OBJC_IMPLEMENTATIONS = YES;
				CLANG_WARN_DIRECT_OBJC_ISA_USAGE = YES_ERROR;
				CLANG_WARN_DOCUMENTATION_COMMENTS = YES;
				CLANG_WARN_EMPTY_BODY = YES;
				CLANG_WARN_ENUM_CONVERSION = YES;
				CLANG_WARN_INFINITE_RECURSION = YES;
				CLANG_WARN_INT_CONVERSION = YES;
				CLANG_WARN_NON_LITERAL_NULL_CONVERSION = YES;
				CLANG_WARN_OBJC_IMPLICIT_RETAIN_SELF = YES;
				CLANG_WARN_OBJC_LITERAL_CONVERSION = YES;
				CLANG_WARN_OBJC_ROOT_CLASS = YES_ERROR;
				CLANG_WARN_RANGE_LOOP_ANALYSIS = YES;
				CLANG_WARN_STRICT_PROTOTYPES = YES;
				CLANG_WARN_SUSPICIOUS_MOVE = YES;
				CLANG_WARN_UNGUARDED_AVAILABILITY = YES_AGGRESSIVE;
				CLANG_WARN_UNREACHABLE_CODE = YES;
				CLANG_WARN__DUPLICATE_METHOD_MATCH = YES;
				CODE_SIGN_IDENTITY = "iPhone Developer";
				COPY_PHASE_STRIP = NO;
				DEBUG_INFORMATION_FORMAT = "dwarf-with-dsym";
				ENABLE_NS_ASSERTIONS = NO;
				ENABLE_STRICT_OBJC_MSGSEND = YES;
				GCC_C_LANGUAGE_STANDARD = gnu11;
				GCC_NO_COMMON_BLOCKS = YES;
				GCC_WARN_64_TO_32_BIT_CONVERSION = YES;
				GCC_WARN_ABOUT_RETURN_TYPE = YES_ERROR;
				GCC_WARN_UNDECLARED_SELECTOR = YES;
				GCC_WARN_UNINITIALIZED_AUTOS = YES_AGGRESSIVE;
				GCC_WARN_UNUSED_FUNCTION = YES;
				GCC_WARN_UNUSED_VARIABLE = YES;
				IPHONEOS_DEPLOYMENT_TARGET = 12.1;
				MTL_ENABLE_DEBUG_INFO = NO;
				MTL_FAST_MATH = YES;
				SDKROOT = iphoneos;
				SWIFT_COMPILATION_MODE = wholemodule;
				SWIFT_OPTIMIZATION_LEVEL = "-O";
				VALIDATE_PRODUCT = YES;
			};
			name = Release;
		};
		CCC9EE14221D6CCF00A86EFA /* Debug */ = {
			isa = XCBuildConfiguration;
			baseConfigurationReference = 565D24C3445CCD5D9F314A40 /* Pods-Example_Swift.debug.xcconfig */;
			buildSettings = {
				ASSETCATALOG_COMPILER_APPICON_NAME = AppIcon;
				CODE_SIGN_STYLE = Automatic;
				DEVELOPMENT_TEAM = FS5W7P78DN;
				INFOPLIST_FILE = Example_Swift/Info.plist;
				IPHONEOS_DEPLOYMENT_TARGET = 10.0;
				LD_RUNPATH_SEARCH_PATHS = (
					"$(inherited)",
					"@executable_path/Frameworks",
				);
				PRODUCT_BUNDLE_IDENTIFIER = "tech.vault.Example-Swift";
				PRODUCT_NAME = "$(TARGET_NAME)";
				SWIFT_VERSION = 4.2;
				TARGETED_DEVICE_FAMILY = "1,2";
			};
			name = Debug;
		};
		CCC9EE15221D6CCF00A86EFA /* Release */ = {
			isa = XCBuildConfiguration;
			baseConfigurationReference = 82058A5C1EC74978141EE65F /* Pods-Example_Swift.release.xcconfig */;
			buildSettings = {
				ASSETCATALOG_COMPILER_APPICON_NAME = AppIcon;
				CODE_SIGN_STYLE = Automatic;
				DEVELOPMENT_TEAM = FS5W7P78DN;
				INFOPLIST_FILE = Example_Swift/Info.plist;
				IPHONEOS_DEPLOYMENT_TARGET = 10.0;
				LD_RUNPATH_SEARCH_PATHS = (
					"$(inherited)",
					"@executable_path/Frameworks",
				);
				PRODUCT_BUNDLE_IDENTIFIER = "tech.vault.Example-Swift";
				PRODUCT_NAME = "$(TARGET_NAME)";
				SWIFT_VERSION = 4.2;
				TARGETED_DEVICE_FAMILY = "1,2";
			};
			name = Release;
		};
		CCC9EE17221D6CCF00A86EFA /* Debug */ = {
			isa = XCBuildConfiguration;
			baseConfigurationReference = 62E5C3B977C1018A13827997 /* Pods-Example_SwiftTests.debug.xcconfig */;
			buildSettings = {
				ALWAYS_EMBED_SWIFT_STANDARD_LIBRARIES = YES;
				BUNDLE_LOADER = "$(TEST_HOST)";
				CODE_SIGN_STYLE = Automatic;
				DEVELOPMENT_TEAM = FS5W7P78DN;
				INFOPLIST_FILE = Example_SwiftTests/Info.plist;
				LD_RUNPATH_SEARCH_PATHS = (
					"$(inherited)",
					"@executable_path/Frameworks",
					"@loader_path/Frameworks",
				);
				PRODUCT_BUNDLE_IDENTIFIER = "tech.vault.Example-SwiftTests";
				PRODUCT_NAME = "$(TARGET_NAME)";
				SWIFT_VERSION = 4.2;
				TARGETED_DEVICE_FAMILY = "1,2";
				TEST_HOST = "$(BUILT_PRODUCTS_DIR)/Example_Swift.app/Example_Swift";
			};
			name = Debug;
		};
		CCC9EE18221D6CCF00A86EFA /* Release */ = {
			isa = XCBuildConfiguration;
			baseConfigurationReference = FA8F0FDEE575DF0B7D06F272 /* Pods-Example_SwiftTests.release.xcconfig */;
			buildSettings = {
				ALWAYS_EMBED_SWIFT_STANDARD_LIBRARIES = YES;
				BUNDLE_LOADER = "$(TEST_HOST)";
				CODE_SIGN_STYLE = Automatic;
				DEVELOPMENT_TEAM = FS5W7P78DN;
				INFOPLIST_FILE = Example_SwiftTests/Info.plist;
				LD_RUNPATH_SEARCH_PATHS = (
					"$(inherited)",
					"@executable_path/Frameworks",
					"@loader_path/Frameworks",
				);
				PRODUCT_BUNDLE_IDENTIFIER = "tech.vault.Example-SwiftTests";
				PRODUCT_NAME = "$(TARGET_NAME)";
				SWIFT_VERSION = 4.2;
				TARGETED_DEVICE_FAMILY = "1,2";
				TEST_HOST = "$(BUILT_PRODUCTS_DIR)/Example_Swift.app/Example_Swift";
			};
			name = Release;
		};
/* End XCBuildConfiguration section */

/* Begin XCConfigurationList section */
		CCC9EDF1221D6CCE00A86EFA /* Build configuration list for PBXProject "Example_Swift" */ = {
			isa = XCConfigurationList;
			buildConfigurations = (
				CCC9EE11221D6CCF00A86EFA /* Debug */,
				CCC9EE12221D6CCF00A86EFA /* Release */,
			);
			defaultConfigurationIsVisible = 0;
			defaultConfigurationName = Release;
		};
		CCC9EE13221D6CCF00A86EFA /* Build configuration list for PBXNativeTarget "Example_Swift" */ = {
			isa = XCConfigurationList;
			buildConfigurations = (
				CCC9EE14221D6CCF00A86EFA /* Debug */,
				CCC9EE15221D6CCF00A86EFA /* Release */,
			);
			defaultConfigurationIsVisible = 0;
			defaultConfigurationName = Release;
		};
		CCC9EE16221D6CCF00A86EFA /* Build configuration list for PBXNativeTarget "Example_SwiftTests" */ = {
			isa = XCConfigurationList;
			buildConfigurations = (
				CCC9EE17221D6CCF00A86EFA /* Debug */,
				CCC9EE18221D6CCF00A86EFA /* Release */,
			);
			defaultConfigurationIsVisible = 0;
			defaultConfigurationName = Release;
		};
/* End XCConfigurationList section */
	};
	rootObject = CCC9EDEE221D6CCE00A86EFA /* Project object */;
}
